
Microsoft Visual Studio Solution File, Format Version 12.00
# Visual Studio 15
VisualStudioVersion = 15.0.27130.2036
MinimumVisualStudioVersion = 10.0.40219.1
Project("{FAE04EC0-301F-11D3-BF4B-00C04F79EFBC}") = "CoordinatorWorkaround.Android", "CoordinatorWorkaround\CoordinatorWorkaround.Android\CoordinatorWorkaround.Android.csproj", "{7DFEAEC8-EFA1-45DD-BF96-85D0946AF57A}"
EndProject
Project("{9A19103F-16F7-4668-BE54-9A1E7A4F7556}") = "CoordinatorWorkaround", "CoordinatorWorkaround\CoordinatorWorkaround\CoordinatorWorkaround.csproj", "{B14723BC-0736-43E1-8E89-C1C4579B9E6F}"
EndProject
Project("{2150E333-8FDC-42A3-9474-1A3956D46DE8}") = "Sample", "Sample", "{2F4BAAE3-D9AF-4C5F-AC08-46C2B1C9812E}"
EndProject
Project("{FAE04EC0-301F-11D3-BF4B-00C04F79EFBC}") = "CoordinatorSample.Android", "CoordinatorSample\CoordinatorSample.Android\CoordinatorSample.Android.csproj", "{D10618F7-C5A7-4E0B-A159-053DC51EE51F}"
EndProject
Project("{9A19103F-16F7-4668-BE54-9A1E7A4F7556}") = "CoordinatorSample", "CoordinatorSample\CoordinatorSample\CoordinatorSample.csproj", "{B1D91F6C-F65B-40B9-AE9F-D64F74E7056A}"
EndProject
Project("{2150E333-8FDC-42A3-9474-1A3956D46DE8}") = "_Solution Items", "_Solution Items", "{7CAB91D2-251B-4D55-BF79-0DBE09CDCE48}"
	ProjectSection(SolutionItems) = preProject
		CoordinatorWorkaround\Coordinator.nuspec = CoordinatorWorkaround\Coordinator.nuspec
	EndProjectSection
EndProject
Global
	GlobalSection(SolutionConfigurationPlatforms) = preSolution
		Debug|Any CPU = Debug|Any CPU
		Release|Any CPU = Release|Any CPU
	EndGlobalSection
	GlobalSection(ProjectConfigurationPlatforms) = postSolution
		{7DFEAEC8-EFA1-45DD-BF96-85D0946AF57A}.Debug|Any CPU.ActiveCfg = Debug|Any CPU
		{7DFEAEC8-EFA1-45DD-BF96-85D0946AF57A}.Debug|Any CPU.Build.0 = Debug|Any CPU
		{7DFEAEC8-EFA1-45DD-BF96-85D0946AF57A}.Debug|Any CPU.Deploy.0 = Debug|Any CPU
		{7DFEAEC8-EFA1-45DD-BF96-85D0946AF57A}.Release|Any CPU.ActiveCfg = Release|Any CPU
		{7DFEAEC8-EFA1-45DD-BF96-85D0946AF57A}.Release|Any CPU.Build.0 = Release|Any CPU
		{7DFEAEC8-EFA1-45DD-BF96-85D0946AF57A}.Release|Any CPU.Deploy.0 = Release|Any CPU
		{B14723BC-0736-43E1-8E89-C1C4579B9E6F}.Debug|Any CPU.ActiveCfg = Debug|Any CPU
		{B14723BC-0736-43E1-8E89-C1C4579B9E6F}.Debug|Any CPU.Build.0 = Debug|Any CPU
		{B14723BC-0736-43E1-8E89-C1C4579B9E6F}.Release|Any CPU.ActiveCfg = Release|Any CPU
		{B14723BC-0736-43E1-8E89-C1C4579B9E6F}.Release|Any CPU.Build.0 = Release|Any CPU
		{D10618F7-C5A7-4E0B-A159-053DC51EE51F}.Debug|Any CPU.ActiveCfg = Debug|Any CPU
		{D10618F7-C5A7-4E0B-A159-053DC51EE51F}.Debug|Any CPU.Build.0 = Debug|Any CPU
		{D10618F7-C5A7-4E0B-A159-053DC51EE51F}.Debug|Any CPU.Deploy.0 = Debug|Any CPU
		{D10618F7-C5A7-4E0B-A159-053DC51EE51F}.Release|Any CPU.ActiveCfg = Release|Any CPU
		{D10618F7-C5A7-4E0B-A159-053DC51EE51F}.Release|Any CPU.Build.0 = Release|Any CPU
		{D10618F7-C5A7-4E0B-A159-053DC51EE51F}.Release|Any CPU.Deploy.0 = Release|Any CPU
		{B1D91F6C-F65B-40B9-AE9F-D64F74E7056A}.Debug|Any CPU.ActiveCfg = Debug|Any CPU
		{B1D91F6C-F65B-40B9-AE9F-D64F74E7056A}.Debug|Any CPU.Build.0 = Debug|Any CPU
		{B1D91F6C-F65B-40B9-AE9F-D64F74E7056A}.Release|Any CPU.ActiveCfg = Release|Any CPU
		{B1D91F6C-F65B-40B9-AE9F-D64F74E7056A}.Release|Any CPU.Build.0 = Release|Any CPU
	EndGlobalSection
	GlobalSection(SolutionProperties) = preSolution
		HideSolutionNode = FALSE
	EndGlobalSection
	GlobalSection(NestedProjects) = preSolution
		{D10618F7-C5A7-4E0B-A159-053DC51EE51F} = {2F4BAAE3-D9AF-4C5F-AC08-46C2B1C9812E}
		{B1D91F6C-F65B-40B9-AE9F-D64F74E7056A} = {2F4BAAE3-D9AF-4C5F-AC08-46C2B1C9812E}
	EndGlobalSection
	GlobalSection(ExtensibilityGlobals) = postSolution
		SolutionGuid = {CEA4128A-4067-4182-8E9D-7B0EBCCB8FA3}
	EndGlobalSection
EndGlobal
